// !$*UTF8*$!
{
	archiveVersion = 1;
	classes = {
	};
	objectVersion = 52;
	objects = {

/* Begin PBXBuildFile section */
		4AB8BACC25B416B80037673F /* AppDelegate.swift in Sources */ = {isa = PBXBuildFile; fileRef = 4AB8BACB25B416B80037673F /* AppDelegate.swift */; };
		4AB8BACE25B416B80037673F /* SceneDelegate.swift in Sources */ = {isa = PBXBuildFile; fileRef = 4AB8BACD25B416B80037673F /* SceneDelegate.swift */; };
		4AB8BAD025B416B80037673F /* ContentView.swift in Sources */ = {isa = PBXBuildFile; fileRef = 4AB8BACF25B416B80037673F /* ContentView.swift */; };
		4AB8BAD225B416BB0037673F /* Assets.xcassets in Resources */ = {isa = PBXBuildFile; fileRef = 4AB8BAD125B416BB0037673F /* Assets.xcassets */; };
		4AB8BAD525B416BB0037673F /* Preview Assets.xcassets in Resources */ = {isa = PBXBuildFile; fileRef = 4AB8BAD425B416BB0037673F /* Preview Assets.xcassets */; };
		4AB8BAD825B416BB0037673F /* LaunchScreen.storyboard in Resources */ = {isa = PBXBuildFile; fileRef = 4AB8BAD625B416BB0037673F /* LaunchScreen.storyboard */; };
		4AB8BAE025B42C780037673F /* Api.swift in Sources */ = {isa = PBXBuildFile; fileRef = 4AB8BADF25B42C780037673F /* Api.swift */; };
		4AB8BAE225B431E80037673F /* Image.swift in Sources */ = {isa = PBXBuildFile; fileRef = 4AB8BAE125B431E80037673F /* Image.swift */; };
		4AB8BAE425B444BF0037673F /* ImageWallView.swift in Sources */ = {isa = PBXBuildFile; fileRef = 4AB8BAE325B444BF0037673F /* ImageWallView.swift */; };
		4AB8BAE725BA7D100037673F /* URLImage in Frameworks */ = {isa = PBXBuildFile; productRef = 4AB8BAE625BA7D100037673F /* URLImage */; };
/* End PBXBuildFile section */

/* Begin PBXFileReference section */
		4AB8BAC825B416B80037673F /* Nasa.app */ = {isa = PBXFileReference; explicitFileType = wrapper.application; includeInIndex = 0; path = Nasa.app; sourceTree = BUILT_PRODUCTS_DIR; };
		4AB8BACB25B416B80037673F /* AppDelegate.swift */ = {isa = PBXFileReference; lastKnownFileType = sourcecode.swift; path = AppDelegate.swift; sourceTree = "<group>"; };
		4AB8BACD25B416B80037673F /* SceneDelegate.swift */ = {isa = PBXFileReference; lastKnownFileType = sourcecode.swift; path = SceneDelegate.swift; sourceTree = "<group>"; };
		4AB8BACF25B416B80037673F /* ContentView.swift */ = {isa = PBXFileReference; lastKnownFileType = sourcecode.swift; path = ContentView.swift; sourceTree = "<group>"; };
		4AB8BAD125B416BB0037673F /* Assets.xcassets */ = {isa = PBXFileReference; lastKnownFileType = folder.assetcatalog; path = Assets.xcassets; sourceTree = "<group>"; };
		4AB8BAD425B416BB0037673F /* Preview Assets.xcassets */ = {isa = PBXFileReference; lastKnownFileType = folder.assetcatalog; path = "Preview Assets.xcassets"; sourceTree = "<group>"; };
		4AB8BAD725B416BB0037673F /* Base */ = {isa = PBXFileReference; lastKnownFileType = file.storyboard; name = Base; path = Base.lproj/LaunchScreen.storyboard; sourceTree = "<group>"; };
		4AB8BAD925B416BB0037673F /* Info.plist */ = {isa = PBXFileReference; lastKnownFileType = text.plist.xml; path = Info.plist; sourceTree = "<group>"; };
		4AB8BADF25B42C780037673F /* Api.swift */ = {isa = PBXFileReference; lastKnownFileType = sourcecode.swift; path = Api.swift; sourceTree = "<group>"; };
		4AB8BAE125B431E80037673F /* Image.swift */ = {isa = PBXFileReference; lastKnownFileType = sourcecode.swift; path = Image.swift; sourceTree = "<group>"; };
		4AB8BAE325B444BF0037673F /* ImageWallView.swift */ = {isa = PBXFileReference; lastKnownFileType = sourcecode.swift; path = ImageWallView.swift; sourceTree = "<group>"; };
/* End PBXFileReference section */

/* Begin PBXFrameworksBuildPhase section */
		4AB8BAC525B416B80037673F /* Frameworks */ = {
			isa = PBXFrameworksBuildPhase;
			buildActionMask = 2147483647;
			files = (
				4AB8BAE725BA7D100037673F /* URLImage in Frameworks */,
			);
			runOnlyForDeploymentPostprocessing = 0;
		};
/* End PBXFrameworksBuildPhase section */

/* Begin PBXGroup section */
		4AB8BABF25B416B70037673F = {
			isa = PBXGroup;
			children = (
				4AB8BACA25B416B80037673F /* Nasa */,
				4AB8BAC925B416B80037673F /* Products */,
			);
			sourceTree = "<group>";
		};
		4AB8BAC925B416B80037673F /* Products */ = {
			isa = PBXGroup;
			children = (
				4AB8BAC825B416B80037673F /* Nasa.app */,
			);
			name = Products;
			sourceTree = "<group>";
		};
		4AB8BACA25B416B80037673F /* Nasa */ = {
			isa = PBXGroup;
			children = (
				4AB8BACB25B416B80037673F /* AppDelegate.swift */,
				4AB8BACD25B416B80037673F /* SceneDelegate.swift */,
				4AB8BACF25B416B80037673F /* ContentView.swift */,
				4AB8BAE125B431E80037673F /* Image.swift */,
				4AB8BAE325B444BF0037673F /* ImageWallView.swift */,
				4AB8BADF25B42C780037673F /* Api.swift */,
				4AB8BAD125B416BB0037673F /* Assets.xcassets */,
				4AB8BAD625B416BB0037673F /* LaunchScreen.storyboard */,
				4AB8BAD925B416BB0037673F /* Info.plist */,
				4AB8BAD325B416BB0037673F /* Preview Content */,
			);
			path = Nasa;
			sourceTree = "<group>";
		};
		4AB8BAD325B416BB0037673F /* Preview Content */ = {
			isa = PBXGroup;
			children = (
				4AB8BAD425B416BB0037673F /* Preview Assets.xcassets */,
			);
			path = "Preview Content";
			sourceTree = "<group>";
		};
/* End PBXGroup section */

/* Begin PBXNativeTarget section */
		4AB8BAC725B416B80037673F /* Nasa */ = {
			isa = PBXNativeTarget;
			buildConfigurationList = 4AB8BADC25B416BB0037673F /* Build configuration list for PBXNativeTarget "Nasa" */;
			buildPhases = (
				4AB8BAC425B416B80037673F /* Sources */,
				4AB8BAC525B416B80037673F /* Frameworks */,
				4AB8BAC625B416B80037673F /* Resources */,
			);
			buildRules = (
			);
			dependencies = (
			);
			name = Nasa;
			packageProductDependencies = (
				4AB8BAE625BA7D100037673F /* URLImage */,
			);
			productName = Nasa;
			productReference = 4AB8BAC825B416B80037673F /* Nasa.app */;
			productType = "com.apple.product-type.application";
		};
/* End PBXNativeTarget section */

/* Begin PBXProject section */
		4AB8BAC025B416B70037673F /* Project object */ = {
			isa = PBXProject;
			attributes = {
				LastSwiftUpdateCheck = 1150;
				LastUpgradeCheck = 1150;
				TargetAttributes = {
					4AB8BAC725B416B80037673F = {
						CreatedOnToolsVersion = 11.5;
					};
				};
			};
			buildConfigurationList = 4AB8BAC325B416B70037673F /* Build configuration list for PBXProject "Nasa" */;
			compatibilityVersion = "Xcode 9.3";
			developmentRegion = en;
			hasScannedForEncodings = 0;
			knownRegions = (
				en,
				Base,
			);
			mainGroup = 4AB8BABF25B416B70037673F;
			packageReferences = (
				4AB8BAE525BA7D100037673F /* XCRemoteSwiftPackageReference "url-image" */,
			);
			productRefGroup = 4AB8BAC925B416B80037673F /* Products */;
			projectDirPath = "";
			projectRoot = "";
			targets = (
				4AB8BAC725B416B80037673F /* Nasa */,
			);
		};
/* End PBXProject section */

/* Begin PBXResourcesBuildPhase section */
		4AB8BAC625B416B80037673F /* Resources */ = {
			isa = PBXResourcesBuildPhase;
			buildActionMask = 2147483647;
			files = (
				4AB8BAD825B416BB0037673F /* LaunchScreen.storyboard in Resources */,
				4AB8BAD525B416BB0037673F /* Preview Assets.xcassets in Resources */,
				4AB8BAD225B416BB0037673F /* Assets.xcassets in Resources */,
			);
			runOnlyForDeploymentPostprocessing = 0;
		};
/* End PBXResourcesBuildPhase section */

/* Begin PBXSourcesBuildPhase section */
		4AB8BAC425B416B80037673F /* Sources */ = {
			isa = PBXSourcesBuildPhase;
			buildActionMask = 2147483647;
			files = (
				4AB8BACC25B416B80037673F /* AppDelegate.swift in Sources */,
				4AB8BACE25B416B80037673F /* SceneDelegate.swift in Sources */,
				4AB8BAE425B444BF0037673F /* ImageWallView.swift in Sources */,
				4AB8BAE025B42C780037673F /* Api.swift in Sources */,
				4AB8BAD025B416B80037673F /* ContentView.swift in Sources */,
				4AB8BAE225B431E80037673F /* Image.swift in Sources */,
			);
			runOnlyForDeploymentPostprocessing = 0;
		};
/* End PBXSourcesBuildPhase section */

/* Begin PBXVariantGroup section */
		4AB8BAD625B416BB0037673F /* LaunchScreen.storyboard */ = {
			isa = PBXVariantGroup;
			children = (
				4AB8BAD725B416BB0037673F /* Base */,
			);
			name = LaunchScreen.storyboard;
			sourceTree = "<group>";
		};
/* End PBXVariantGroup section */

/* Begin XCBuildConfiguration section */
		4AB8BADA25B416BB0037673F /* Debug */ = {
			isa = XCBuildConfiguration;
			buildSettings = {
				ALWAYS_SEARCH_USER_PATHS = NO;
				CLANG_ANALYZER_NONNULL = YES;
				CLANG_ANALYZER_NUMBER_OBJECT_CONVERSION = YES_AGGRESSIVE;
				CLANG_CXX_LANGUAGE_STANDARD = "gnu++14";
				CLANG_CXX_LIBRARY = "libc++";
				CLANG_ENABLE_MODULES = YES;
				CLANG_ENABLE_OBJC_ARC = YES;
				CLANG_ENABLE_OBJC_WEAK = YES;
				CLANG_WARN_BLOCK_CAPTURE_AUTORELEASING = YES;
				CLANG_WARN_BOOL_CONVERSION = YES;
				CLANG_WARN_COMMA = YES;
				CLANG_WARN_CONSTANT_CONVERSION = YES;
				CLANG_WARN_DEPRECATED_OBJC_IMPLEMENTATIONS = YES;
				CLANG_WARN_DIRECT_OBJC_ISA_USAGE = YES_ERROR;
				CLANG_WARN_DOCUMENTATION_COMMENTS = YES;
				CLANG_WARN_EMPTY_BODY = YES;
				CLANG_WARN_ENUM_CONVERSION = YES;
				CLANG_WARN_INFINITE_RECURSION = YES;
				CLANG_WARN_INT_CONVERSION = YES;
				CLANG_WARN_NON_LITERAL_NULL_CONVERSION = YES;
				CLANG_WARN_OBJC_IMPLICIT_RETAIN_SELF = YES;
				CLANG_WARN_OBJC_LITERAL_CONVERSION = YES;
				CLANG_WARN_OBJC_ROOT_CLASS = YES_ERROR;
				CLANG_WARN_RANGE_LOOP_ANALYSIS = YES;
				CLANG_WARN_STRICT_PROTOTYPES = YES;
				CLANG_WARN_SUSPICIOUS_MOVE = YES;
				CLANG_WARN_UNGUARDED_AVAILABILITY = YES_AGGRESSIVE;
				CLANG_WARN_UNREACHABLE_CODE = YES;
				CLANG_WARN__DUPLICATE_METHOD_MATCH = YES;
				COPY_PHASE_STRIP = NO;
				DEBUG_INFORMATION_FORMAT = dwarf;
				ENABLE_STRICT_OBJC_MSGSEND = YES;
				ENABLE_TESTABILITY = YES;
				GCC_C_LANGUAGE_STANDARD = gnu11;
				GCC_DYNAMIC_NO_PIC = NO;
				GCC_NO_COMMON_BLOCKS = YES;
				GCC_OPTIMIZATION_LEVEL = 0;
				GCC_PREPROCESSOR_DEFINITIONS = (
					"DEBUG=1",
					"$(inherited)",
				);
				GCC_WARN_64_TO_32_BIT_CONVERSION = YES;
				GCC_WARN_ABOUT_RETURN_TYPE = YES_ERROR;
				GCC_WARN_UNDECLARED_SELECTOR = YES;
				GCC_WARN_UNINITIALIZED_AUTOS = YES_AGGRESSIVE;
				GCC_WARN_UNUSED_FUNCTION = YES;
				GCC_WARN_UNUSED_VARIABLE = YES;
				IPHONEOS_DEPLOYMENT_TARGET = 13.5;
				MTL_ENABLE_DEBUG_INFO = INCLUDE_SOURCE;
				MTL_FAST_MATH = YES;
				ONLY_ACTIVE_ARCH = YES;
				SDKROOT = iphoneos;
				SWIFT_ACTIVE_COMPILATION_CONDITIONS = DEBUG;
				SWIFT_OPTIMIZATION_LEVEL = "-Onone";
			};
			name = Debug;
		};
		4AB8BADB25B416BB0037673F /* Release */ = {
			isa = XCBuildConfiguration;
			buildSettings = {
				ALWAYS_SEARCH_USER_PATHS = NO;
				CLANG_ANALYZER_NONNULL = YES;
				CLANG_ANALYZER_NUMBER_OBJECT_CONVERSION = YES_AGGRESSIVE;
				CLANG_CXX_LANGUAGE_STANDARD = "gnu++14";
				CLANG_CXX_LIBRARY = "libc++";
				CLANG_ENABLE_MODULES = YES;
				CLANG_ENABLE_OBJC_ARC = YES;
				CLANG_ENABLE_OBJC_WEAK = YES;
				CLANG_WARN_BLOCK_CAPTURE_AUTORELEASING = YES;
				CLANG_WARN_BOOL_CONVERSION = YES;
				CLANG_WARN_COMMA = YES;
				CLANG_WARN_CONSTANT_CONVERSION = YES;
				CLANG_WARN_DEPRECATED_OBJC_IMPLEMENTATIONS = YES;
				CLANG_WARN_DIRECT_OBJC_ISA_USAGE = YES_ERROR;
				CLANG_WARN_DOCUMENTATION_COMMENTS = YES;
				CLANG_WARN_EMPTY_BODY = YES;
				CLANG_WARN_ENUM_CONVERSION = YES;
				CLANG_WARN_INFINITE_RECURSION = YES;
				CLANG_WARN_INT_CONVERSION = YES;
				CLANG_WARN_NON_LITERAL_NULL_CONVERSION = YES;
				CLANG_WARN_OBJC_IMPLICIT_RETAIN_SELF = YES;
				CLANG_WARN_OBJC_LITERAL_CONVERSION = YES;
				CLANG_WARN_OBJC_ROOT_CLASS = YES_ERROR;
				CLANG_WARN_RANGE_LOOP_ANALYSIS = YES;
				CLANG_WARN_STRICT_PROTOTYPES = YES;
				CLANG_WARN_SUSPICIOUS_MOVE = YES;
				CLANG_WARN_UNGUARDED_AVAILABILITY = YES_AGGRESSIVE;
				CLANG_WARN_UNREACHABLE_CODE = YES;
				CLANG_WARN__DUPLICATE_METHOD_MATCH = YES;
				COPY_PHASE_STRIP = NO;
				DEBUG_INFORMATION_FORMAT = "dwarf-with-dsym";
				ENABLE_NS_ASSERTIONS = NO;
				ENABLE_STRICT_OBJC_MSGSEND = YES;
				GCC_C_LANGUAGE_STANDARD = gnu11;
				GCC_NO_COMMON_BLOCKS = YES;
				GCC_WARN_64_TO_32_BIT_CONVERSION = YES;
				GCC_WARN_ABOUT_RETURN_TYPE = YES_ERROR;
				GCC_WARN_UNDECLARED_SELECTOR = YES;
				GCC_WARN_UNINITIALIZED_AUTOS = YES_AGGRESSIVE;
				GCC_WARN_UNUSED_FUNCTION = YES;
				GCC_WARN_UNUSED_VARIABLE = YES;
				IPHONEOS_DEPLOYMENT_TARGET = 13.5;
				MTL_ENABLE_DEBUG_INFO = NO;
				MTL_FAST_MATH = YES;
				SDKROOT = iphoneos;
				SWIFT_COMPILATION_MODE = wholemodule;
				SWIFT_OPTIMIZATION_LEVEL = "-O";
				VALIDATE_PRODUCT = YES;
			};
			name = Release;
		};
		4AB8BADD25B416BB0037673F /* Debug */ = {
			isa = XCBuildConfiguration;
			buildSettings = {
				ASSETCATALOG_COMPILER_APPICON_NAME = AppIcon;
				CODE_SIGN_STYLE = Automatic;
				DEVELOPMENT_ASSET_PATHS = "\"Nasa/Preview Content\"";
				ENABLE_PREVIEWS = YES;
				INFOPLIST_FILE = Nasa/Info.plist;
				LD_RUNPATH_SEARCH_PATHS = (
					"$(inherited)",
					"@executable_path/Frameworks",
				);
				PRODUCT_BUNDLE_IDENTIFIER = shan.Nasa;
				PRODUCT_NAME = "$(TARGET_NAME)";
				SWIFT_VERSION = 5.0;
				TARGETED_DEVICE_FAMILY = "1,2";
			};
			name = Debug;
		};
		4AB8BADE25B416BB0037673F /* Release */ = {
			isa = XCBuildConfiguration;
			buildSettings = {
				ASSETCATALOG_COMPILER_APPICON_NAME = AppIcon;
				CODE_SIGN_STYLE = Automatic;
				DEVELOPMENT_ASSET_PATHS = "\"Nasa/Preview Content\"";
				ENABLE_PREVIEWS = YES;
				INFOPLIST_FILE = Nasa/Info.plist;
				LD_RUNPATH_SEARCH_PATHS = (
					"$(inherited)",
					"@executable_path/Frameworks",
				);
				PRODUCT_BUNDLE_IDENTIFIER = shan.Nasa;
				PRODUCT_NAME = "$(TARGET_NAME)";
				SWIFT_VERSION = 5.0;
				TARGETED_DEVICE_FAMILY = "1,2";
			};
			name = Release;
		};
/* End XCBuildConfiguration section */

/* Begin XCConfigurationList section */
		4AB8BAC325B416B70037673F /* Build configuration list for PBXProject "Nasa" */ = {
			isa = XCConfigurationList;
			buildConfigurations = (
				4AB8BADA25B416BB0037673F /* Debug */,
				4AB8BADB25B416BB0037673F /* Release */,
			);
			defaultConfigurationIsVisible = 0;
			defaultConfigurationName = Release;
		};
		4AB8BADC25B416BB0037673F /* Build configuration list for PBXNativeTarget "Nasa" */ = {
			isa = XCConfigurationList;
			buildConfigurations = (
				4AB8BADD25B416BB0037673F /* Debug */,
				4AB8BADE25B416BB0037673F /* Release */,
			);
			defaultConfigurationIsVisible = 0;
			defaultConfigurationName = Release;
		};
/* End XCConfigurationList section */

/* Begin XCRemoteSwiftPackageReference section */
		4AB8BAE525BA7D100037673F /* XCRemoteSwiftPackageReference "url-image" */ = {
			isa = XCRemoteSwiftPackageReference;
			repositoryURL = "https://github.com/dmytro-anokhin/url-image.git";
			requirement = {
				kind = exactVersion;
				version = 0.9.19;
			};
		};
/* End XCRemoteSwiftPackageReference section */

/* Begin XCSwiftPackageProductDependency section */
		4AB8BAE625BA7D100037673F /* URLImage */ = {
			isa = XCSwiftPackageProductDependency;
			package = 4AB8BAE525BA7D100037673F /* XCRemoteSwiftPackageReference "url-image" */;
			productName = URLImage;
		};
/* End XCSwiftPackageProductDependency section */
	};
	rootObject = 4AB8BAC025B416B70037673F /* Project object */;
}
